{
  "name": "1",
  "lockfileVersion": 3,
  "requires": true,
  "packages": {
    "": {
      "dependencies": {
        "@esotericsoftware/spine-phaser-v3": "^4.2.80"
      },
      "devDependencies": {
        "phaser": "^3.88.2"
      }
    },
    "node_modules/@esotericsoftware/spine-canvas": {
      "version": "4.2.80",
      "resolved": "https://registry.npmjs.org/@esotericsoftware/spine-canvas/-/spine-canvas-4.2.80.tgz",
      "integrity": "sha512-eVvb5XeN7xtf3aixhca9wrvwBky1meYGaEGTsqfXoqH05HExah8JTNH2pLT5s3hbutLFr+c9j+e0SC+30tNATQ==",
      "license": "LicenseRef-LICENSE",
      "dependencies": {
        "@esotericsoftware/spine-core": "4.2.80"
      }
    },
    "node_modules/@esotericsoftware/spine-core": {
      "version": "4.2.80",
      "resolved": "https://registry.npmjs.org/@esotericsoftware/spine-core/-/spine-core-4.2.80.tgz",
      "integrity": "sha512-1SsMY5GTjb5iKzxs+yu09MQQ76+MKwpfuzNJYTg1rTwNCJE2Fuekd1mOXXmAxnU9mUdBxchwhRlT93YZbYwuaQ==",
      "license": "LicenseRef-LICENSE"
    },
    "node_modules/@esotericsoftware/spine-phaser-v3": {
      "version": "4.2.80",
      "resolved": "https://registry.npmjs.org/@esotericsoftware/spine-phaser-v3/-/spine-phaser-v3-4.2.80.tgz",
      "integrity": "sha512-1uaoKu5jtCZlTR2Q//qSwWqEqNK+QlI4AkRnlp+FftHHowQx9OG3WgzZnKHcLkL/mk1/up8D51nGC49ysmPNJA==",
      "license": "LicenseRef-LICENSE",
      "dependencies": {
        "@esotericsoftware/spine-canvas": "4.2.80",
        "@esotericsoftware/spine-core": "4.2.80",
        "@esotericsoftware/spine-webgl": "4.2.80"
      },
      "peerDependencies": {
        "phaser": "^3.60.0"
      }
    },
    "node_modules/@esotericsoftware/spine-webgl": {
      "version": "4.2.80",
      "resolved": "https://registry.npmjs.org/@esotericsoftware/spine-webgl/-/spine-webgl-4.2.80.tgz",
      "integrity": "sha512-6AbaqsJ9nQzVcM3eFE8gleqQKCrEFhn82ucUNt6NaUoJLIQCBzORiQdO8MwSyUbxFkIv7q0/EJI7m/ZHRotWZQ==",
      "license": "LicenseRef-LICENSE",
      "dependencies": {
        "@esotericsoftware/spine-core": "4.2.80"
      }
    },
    "node_modules/eventemitter3": {
      "version": "5.0.1",
      "resolved": "https://registry.npmjs.org/eventemitter3/-/eventemitter3-5.0.1.tgz",
      "integrity": "sha512-GWkBvjiSZK87ELrYOSESUYeVIc9mvLLf/nXalMOS5dYrgZq9o5OVkbZAVM06CVxYsCwH9BDZFPlQTlPA1j4ahA==",
      "license": "MIT"
    },
    "node_modules/phaser": {
      "version": "3.88.2",
      "resolved": "https://registry.npmjs.org/phaser/-/phaser-3.88.2.tgz",
      "integrity": "sha512-UBgd2sAFuRJbF2xKaQ5jpMWB8oETncChLnymLGHcrnT53vaqiGrQWbUKUDBawKLm24sghjKo4Bf+/xfv8espZQ==",
      "license": "MIT",
      "dependencies": {
        "eventemitter3": "^5.0.1"
      }
    }
  }
}
